
Microsoft Visual Studio Solution File, Format Version 11.00
# Visual Studio 2010
Project("{FAE04EC0-301F-11D3-BF4B-00C04F79EFBC}") = "Purrfect-Catch", "Assembly-CSharp.csproj", "{E2416673-3377-AB7A-53A6-9963E61AA6EF}"
EndProject
Global
	GlobalSection(SolutionConfigurationPlatforms) = preSolution
		Debug|Any CPU = Debug|Any CPU
		Release|Any CPU = Release|Any CPU
	EndGlobalSection
	GlobalSection(ProjectConfigurationPlatforms) = postSolution
		{E2416673-3377-AB7A-53A6-9963E61AA6EF}.Debug|Any CPU.ActiveCfg = Debug|Any CPU
		{E2416673-3377-AB7A-53A6-9963E61AA6EF}.Debug|Any CPU.Build.0 = Debug|Any CPU
		{E2416673-3377-AB7A-53A6-9963E61AA6EF}.Release|Any CPU.ActiveCfg = Release|Any CPU
		{E2416673-3377-AB7A-53A6-9963E61AA6EF}.Release|Any CPU.Build.0 = Release|Any CPU
	EndGlobalSection
	GlobalSection(SolutionProperties) = preSolution
		HideSolutionNode = FALSE
	EndGlobalSection
	GlobalSection(MonoDevelopProperties) = preSolution
		StartupItem = Assembly-CSharp.csproj
	EndGlobalSection
EndGlobal
